{
    "name": "minimal-polyfills",
    "version": "1.0.8",
    "lockfileVersion": 1,
    "requires": true,
    "dependencies": {
        "commander": {
            "version": "4.1.1",
            "resolved": "https://registry.npmjs.org/commander/-/commander-4.1.1.tgz",
            "integrity": "sha512-NOKm8xhkzAjzFx8B2v5OAHT+u5pRQc2UCa2Vq9jYL/31o2wi9mxBA7LIFs3sV5VSC49z6pEhfbMULvShKj26WA==",
            "dev": true
        },
        "denoify": {
            "version": "github:garronej/denoify#05fcb59992f55695aff499ee6e1bc42b0d7dd30b",
            "from": "github:garronej/denoify",
            "dev": true,
            "requires": {
                "commander": "^4.1.1",
                "node-fetch": "^2.6.0",
                "scripting-tools": "github:garronej/scripting-tools#7a44164b04e452ddacd9a748bae0ee6a05e32e7f",
                "url-join": "^4.0.1"
            }
        },
        "node-fetch": {
            "version": "2.6.0",
            "resolved": "https://registry.npmjs.org/node-fetch/-/node-fetch-2.6.0.tgz",
            "integrity": "sha512-8dG4H5ujfvFiqDmVu9fQ5bOHUC15JMjMY/Zumv26oOvvVJjM67KF8koCWIabKQ1GJIa9r2mMZscBq/TbdOcmNA==",
            "dev": true
        },
        "scripting-tools": {
            "version": "github:garronej/scripting-tools#7a44164b04e452ddacd9a748bae0ee6a05e32e7f",
            "from": "github:garronej/scripting-tools",
            "dev": true
        },
        "typescript": {
            "version": "3.8.3",
            "resolved": "https://registry.npmjs.org/typescript/-/typescript-3.8.3.tgz",
            "integrity": "sha512-MYlEfn5VrLNsgudQTVJeNaQFUAI7DkhnOjdpAp4T+ku1TfQClewlbSuTVHiA+8skNBgaf02TL/kLOvig4y3G8w==",
            "dev": true
        },
        "url-join": {
            "version": "4.0.1",
            "resolved": "https://registry.npmjs.org/url-join/-/url-join-4.0.1.tgz",
            "integrity": "sha512-jk1+QP6ZJqyOiuEI9AEWQfju/nB2Pw466kbA0LEZljHwKeMgd9WrAEgEGxjPDD2+TNbbb37rTyhEfrCXfuKXnA==",
            "dev": true
        }
    }
}
