{
    "name": "minimal-polyfills",
    "version": "1.0.5",
    "lockfileVersion": 1,
    "requires": true,
    "dependencies": {
        "commander": {
            "version": "4.1.1",
            "resolved": "https://registry.npmjs.org/commander/-/commander-4.1.1.tgz",
            "integrity": "sha512-NOKm8xhkzAjzFx8B2v5OAHT+u5pRQc2UCa2Vq9jYL/31o2wi9mxBA7LIFs3sV5VSC49z6pEhfbMULvShKj26WA==",
            "dev": true
        },
        "denoify": {
            "version": "github:garronej/denoify#701f8cf93f07607b82cc348469f075ab9f8e17bf",
            "from": "github:garronej/denoify",
            "dev": true,
            "requires": {
                "commander": "^4.1.1",
                "scripting-tools": "github:garronej/scripting-tools#7a44164b04e452ddacd9a748bae0ee6a05e32e7f"
            }
        },
        "scripting-tools": {
            "version": "github:garronej/scripting-tools#7a44164b04e452ddacd9a748bae0ee6a05e32e7f",
            "from": "github:garronej/scripting-tools",
            "dev": true
        },
        "typescript": {
            "version": "3.8.3",
            "resolved": "https://registry.npmjs.org/typescript/-/typescript-3.8.3.tgz",
            "integrity": "sha512-MYlEfn5VrLNsgudQTVJeNaQFUAI7DkhnOjdpAp4T+ku1TfQClewlbSuTVHiA+8skNBgaf02TL/kLOvig4y3G8w==",
            "dev": true
        }
    }
}
